
Microsoft Visual Studio Solution File, Format Version 12.00
# Visual Studio 15
VisualStudioVersion = 15.0.27703.2047
MinimumVisualStudioVersion = 10.0.40219.1
Project("{8BC9CEB8-8B4A-11D0-8D11-00A0C91BC942}") = "caculater(C++ver)", "caculater(C++ver)\caculater(C++ver).vcxproj", "{F20411B3-D5A8-4761-8C49-350474EEC737}"
EndProject
Project("{8BC9CEB8-8B4A-11D0-8D11-00A0C91BC942}") = "UnitTest1", "UnitTest1\UnitTest1.vcxproj", "{B237F8CB-3809-4A52-96A6-B3A17EE6BBFF}"
EndProject
Global
	GlobalSection(SolutionConfigurationPlatforms) = preSolution
		Debug|x64 = Debug|x64
		Debug|x86 = Debug|x86
		Release|x64 = Release|x64
		Release|x86 = Release|x86
	EndGlobalSection
	GlobalSection(ProjectConfigurationPlatforms) = postSolution
		{F20411B3-D5A8-4761-8C49-350474EEC737}.Debug|x64.ActiveCfg = Debug|x64
		{F20411B3-D5A8-4761-8C49-350474EEC737}.Debug|x64.Build.0 = Debug|x64
		{F20411B3-D5A8-4761-8C49-350474EEC737}.Debug|x86.ActiveCfg = Debug|Win32
		{F20411B3-D5A8-4761-8C49-350474EEC737}.Debug|x86.Build.0 = Debug|Win32
		{F20411B3-D5A8-4761-8C49-350474EEC737}.Release|x64.ActiveCfg = Release|x64
		{F20411B3-D5A8-4761-8C49-350474EEC737}.Release|x64.Build.0 = Release|x64
		{F20411B3-D5A8-4761-8C49-350474EEC737}.Release|x86.ActiveCfg = Release|Win32
		{F20411B3-D5A8-4761-8C49-350474EEC737}.Release|x86.Build.0 = Release|Win32
		{B237F8CB-3809-4A52-96A6-B3A17EE6BBFF}.Debug|x64.ActiveCfg = Debug|x64
		{B237F8CB-3809-4A52-96A6-B3A17EE6BBFF}.Debug|x64.Build.0 = Debug|x64
		{B237F8CB-3809-4A52-96A6-B3A17EE6BBFF}.Debug|x86.ActiveCfg = Debug|Win32
		{B237F8CB-3809-4A52-96A6-B3A17EE6BBFF}.Debug|x86.Build.0 = Debug|Win32
		{B237F8CB-3809-4A52-96A6-B3A17EE6BBFF}.Release|x64.ActiveCfg = Release|x64
		{B237F8CB-3809-4A52-96A6-B3A17EE6BBFF}.Release|x64.Build.0 = Release|x64
		{B237F8CB-3809-4A52-96A6-B3A17EE6BBFF}.Release|x86.ActiveCfg = Release|Win32
		{B237F8CB-3809-4A52-96A6-B3A17EE6BBFF}.Release|x86.Build.0 = Release|Win32
	EndGlobalSection
	GlobalSection(SolutionProperties) = preSolution
		HideSolutionNode = FALSE
	EndGlobalSection
	GlobalSection(ExtensibilityGlobals) = postSolution
		SolutionGuid = {F581A427-8D56-435C-B459-C59861E7375B}
	EndGlobalSection
EndGlobal
